
Microsoft Visual Studio Solution File, Format Version 12.00
# Visual Studio 15
Project("{FAE04EC0-301F-11D3-BF4B-00C04F79EFBC}") = "Assembly-CSharp", "Assembly-CSharp.csproj", "{C0309EBF-77B5-0314-D1D7-C8C11797D71D}"
EndProject
Project("{FAE04EC0-301F-11D3-BF4B-00C04F79EFBC}") = "Assembly-CSharp-firstpass", "Assembly-CSharp-firstpass.csproj", "{7D9F6BF2-4A58-A2F9-289C-95AD1C435D29}"
EndProject
Project("{FAE04EC0-301F-11D3-BF4B-00C04F79EFBC}") = "Assembly-CSharp-Editor-firstpass", "Assembly-CSharp-Editor-firstpass.csproj", "{10A717C0-3AAC-FE50-92CC-D059E12BFEB2}"
EndProject
Global
	GlobalSection(SolutionConfigurationPlatforms) = preSolution
		Debug|Any CPU = Debug|Any CPU
		Release|Any CPU = Release|Any CPU
	EndGlobalSection
	GlobalSection(ProjectConfigurationPlatforms) = postSolution
		{C0309EBF-77B5-0314-D1D7-C8C11797D71D}.Debug|Any CPU.ActiveCfg = Debug|Any CPU
		{C0309EBF-77B5-0314-D1D7-C8C11797D71D}.Debug|Any CPU.Build.0 = Debug|Any CPU
		{C0309EBF-77B5-0314-D1D7-C8C11797D71D}.Release|Any CPU.ActiveCfg = Release|Any CPU
		{C0309EBF-77B5-0314-D1D7-C8C11797D71D}.Release|Any CPU.Build.0 = Release|Any CPU
		{7D9F6BF2-4A58-A2F9-289C-95AD1C435D29}.Debug|Any CPU.ActiveCfg = Debug|Any CPU
		{7D9F6BF2-4A58-A2F9-289C-95AD1C435D29}.Debug|Any CPU.Build.0 = Debug|Any CPU
		{7D9F6BF2-4A58-A2F9-289C-95AD1C435D29}.Release|Any CPU.ActiveCfg = Release|Any CPU
		{7D9F6BF2-4A58-A2F9-289C-95AD1C435D29}.Release|Any CPU.Build.0 = Release|Any CPU
		{10A717C0-3AAC-FE50-92CC-D059E12BFEB2}.Debug|Any CPU.ActiveCfg = Debug|Any CPU
		{10A717C0-3AAC-FE50-92CC-D059E12BFEB2}.Debug|Any CPU.Build.0 = Debug|Any CPU
		{10A717C0-3AAC-FE50-92CC-D059E12BFEB2}.Release|Any CPU.ActiveCfg = Release|Any CPU
		{10A717C0-3AAC-FE50-92CC-D059E12BFEB2}.Release|Any CPU.Build.0 = Release|Any CPU
	EndGlobalSection
	GlobalSection(SolutionProperties) = preSolution
		HideSolutionNode = FALSE
	EndGlobalSection
EndGlobal
