
Microsoft Visual Studio Solution File, Format Version 12.00
# Visual Studio 15
Project("{FAE04EC0-301F-11D3-BF4B-00C04F79EFBC}") = "Assembly-CSharp", "Assembly-CSharp.csproj", "{675C54FA-737F-CA4E-8994-CD6DEEA594A5}"
EndProject
Project("{FAE04EC0-301F-11D3-BF4B-00C04F79EFBC}") = "Assembly-CSharp-firstpass", "Assembly-CSharp-firstpass.csproj", "{3C98BA65-8DE4-77E0-138F-0D7404EFF20C}"
EndProject
Project("{FAE04EC0-301F-11D3-BF4B-00C04F79EFBC}") = "Assembly-CSharp-Editor-firstpass", "Assembly-CSharp-Editor-firstpass.csproj", "{A39FFB54-90C7-0DE3-2ADC-7B9E42C86D33}"
EndProject
Global
	GlobalSection(SolutionConfigurationPlatforms) = preSolution
		Debug|Any CPU = Debug|Any CPU
		Release|Any CPU = Release|Any CPU
	EndGlobalSection
	GlobalSection(ProjectConfigurationPlatforms) = postSolution
		{675C54FA-737F-CA4E-8994-CD6DEEA594A5}.Debug|Any CPU.ActiveCfg = Debug|Any CPU
		{675C54FA-737F-CA4E-8994-CD6DEEA594A5}.Debug|Any CPU.Build.0 = Debug|Any CPU
		{675C54FA-737F-CA4E-8994-CD6DEEA594A5}.Release|Any CPU.ActiveCfg = Release|Any CPU
		{675C54FA-737F-CA4E-8994-CD6DEEA594A5}.Release|Any CPU.Build.0 = Release|Any CPU
		{3C98BA65-8DE4-77E0-138F-0D7404EFF20C}.Debug|Any CPU.ActiveCfg = Debug|Any CPU
		{3C98BA65-8DE4-77E0-138F-0D7404EFF20C}.Debug|Any CPU.Build.0 = Debug|Any CPU
		{3C98BA65-8DE4-77E0-138F-0D7404EFF20C}.Release|Any CPU.ActiveCfg = Release|Any CPU
		{3C98BA65-8DE4-77E0-138F-0D7404EFF20C}.Release|Any CPU.Build.0 = Release|Any CPU
		{A39FFB54-90C7-0DE3-2ADC-7B9E42C86D33}.Debug|Any CPU.ActiveCfg = Debug|Any CPU
		{A39FFB54-90C7-0DE3-2ADC-7B9E42C86D33}.Debug|Any CPU.Build.0 = Debug|Any CPU
		{A39FFB54-90C7-0DE3-2ADC-7B9E42C86D33}.Release|Any CPU.ActiveCfg = Release|Any CPU
		{A39FFB54-90C7-0DE3-2ADC-7B9E42C86D33}.Release|Any CPU.Build.0 = Release|Any CPU
	EndGlobalSection
	GlobalSection(SolutionProperties) = preSolution
		HideSolutionNode = FALSE
	EndGlobalSection
EndGlobal
